# THIS IS AN AUTOGENERATED FILE. DO NOT EDIT THIS FILE DIRECTLY.
# yarn lockfile v1


"bulma@^0.7.3":
  "integrity" "sha512-cX98TIn0I6sKba/DhW0FBjtaDpxTelU166pf7ICXpCCuplHWyu6C9LYZmL5PEsnePIeJaiorsTEzzNk3Tsm1hw=="
  "resolved" "https://registry.npmjs.org/bulma/-/bulma-0.7.5.tgz"
  "version" "0.7.5"

"yarn@^1.22.11":
  "integrity" "sha512-AWje4bzqO9RUn3sdnM5N8n4ZJ0BqCc/kqFJvpOI5/EVkINXui0yuvU7NDCEF//+WaxHuNay2uOHxA4+tq1P3cg=="
  "resolved" "https://registry.npmjs.org/yarn/-/yarn-1.22.11.tgz"
  "version" "1.22.11"
